// !$*UTF8*$!
{
	archiveVersion = 1;
	classes = {
	};
	objectVersion = 48;
	objects = {

/* Begin PBXBuildFile section */
		DAC8B3BE3EF81BBECCE8ABF5 /* Pods_tryARKitWithMagicaVoxel.framework in Frameworks */ = {isa = PBXBuildFile; fileRef = 07B4C20144434E6452951972 /* Pods_tryARKitWithMagicaVoxel.framework */; };
		ED03148E1FA8B0B2004C6609 /* AppDelegate.swift in Sources */ = {isa = PBXBuildFile; fileRef = ED03148D1FA8B0B2004C6609 /* AppDelegate.swift */; };
		ED0314901FA8B0B2004C6609 /* art.scnassets in Resources */ = {isa = PBXBuildFile; fileRef = ED03148F1FA8B0B2004C6609 /* art.scnassets */; };
		ED0314921FA8B0B2004C6609 /* ViewController.swift in Sources */ = {isa = PBXBuildFile; fileRef = ED0314911FA8B0B2004C6609 /* ViewController.swift */; };
		ED0314951FA8B0B2004C6609 /* Main.storyboard in Resources */ = {isa = PBXBuildFile; fileRef = ED0314931FA8B0B2004C6609 /* Main.storyboard */; };
		ED0314971FA8B0B2004C6609 /* Assets.xcassets in Resources */ = {isa = PBXBuildFile; fileRef = ED0314961FA8B0B2004C6609 /* Assets.xcassets */; };
		ED03149A1FA8B0B2004C6609 /* LaunchScreen.storyboard in Resources */ = {isa = PBXBuildFile; fileRef = ED0314981FA8B0B2004C6609 /* LaunchScreen.storyboard */; };
/* End PBXBuildFile section */

/* Begin PBXFileReference section */
		012C9241C32F39BD678F0924 /* Pods-tryARKitWithMagicaVoxel.debug.xcconfig */ = {isa = PBXFileReference; includeInIndex = 1; lastKnownFileType = text.xcconfig; name = "Pods-tryARKitWithMagicaVoxel.debug.xcconfig"; path = "Pods/Target Support Files/Pods-tryARKitWithMagicaVoxel/Pods-tryARKitWithMagicaVoxel.debug.xcconfig"; sourceTree = "<group>"; };
		07B4C20144434E6452951972 /* Pods_tryARKitWithMagicaVoxel.framework */ = {isa = PBXFileReference; explicitFileType = wrapper.framework; includeInIndex = 0; path = Pods_tryARKitWithMagicaVoxel.framework; sourceTree = BUILT_PRODUCTS_DIR; };
		351199B3EBC0BAF6F6B85981 /* Pods-tryARKitWithMagicaVoxel.release.xcconfig */ = {isa = PBXFileReference; includeInIndex = 1; lastKnownFileType = text.xcconfig; name = "Pods-tryARKitWithMagicaVoxel.release.xcconfig"; path = "Pods/Target Support Files/Pods-tryARKitWithMagicaVoxel/Pods-tryARKitWithMagicaVoxel.release.xcconfig"; sourceTree = "<group>"; };
		ED03148A1FA8B0B2004C6609 /* tryARKitWithMagicaVoxel.app */ = {isa = PBXFileReference; explicitFileType = wrapper.application; includeInIndex = 0; path = tryARKitWithMagicaVoxel.app; sourceTree = BUILT_PRODUCTS_DIR; };
		ED03148D1FA8B0B2004C6609 /* AppDelegate.swift */ = {isa = PBXFileReference; lastKnownFileType = sourcecode.swift; path = AppDelegate.swift; sourceTree = "<group>"; };
		ED03148F1FA8B0B2004C6609 /* art.scnassets */ = {isa = PBXFileReference; lastKnownFileType = wrapper.scnassets; path = art.scnassets; sourceTree = "<group>"; };
		ED0314911FA8B0B2004C6609 /* ViewController.swift */ = {isa = PBXFileReference; lastKnownFileType = sourcecode.swift; path = ViewController.swift; sourceTree = "<group>"; };
		ED0314941FA8B0B2004C6609 /* Base */ = {isa = PBXFileReference; lastKnownFileType = file.storyboard; name = Base; path = Base.lproj/Main.storyboard; sourceTree = "<group>"; };
		ED0314961FA8B0B2004C6609 /* Assets.xcassets */ = {isa = PBXFileReference; lastKnownFileType = folder.assetcatalog; path = Assets.xcassets; sourceTree = "<group>"; };
		ED0314991FA8B0B2004C6609 /* Base */ = {isa = PBXFileReference; lastKnownFileType = file.storyboard; name = Base; path = Base.lproj/LaunchScreen.storyboard; sourceTree = "<group>"; };
		ED03149B1FA8B0B2004C6609 /* Info.plist */ = {isa = PBXFileReference; lastKnownFileType = text.plist.xml; path = Info.plist; sourceTree = "<group>"; };
/* End PBXFileReference section */

/* Begin PBXFrameworksBuildPhase section */
		ED0314871FA8B0B2004C6609 /* Frameworks */ = {
			isa = PBXFrameworksBuildPhase;
			buildActionMask = 2147483647;
			files = (
				DAC8B3BE3EF81BBECCE8ABF5 /* Pods_tryARKitWithMagicaVoxel.framework in Frameworks */,
			);
			runOnlyForDeploymentPostprocessing = 0;
		};
/* End PBXFrameworksBuildPhase section */

/* Begin PBXGroup section */
		16992E9F00114D78BF41FADA /* Frameworks */ = {
			isa = PBXGroup;
			children = (
				07B4C20144434E6452951972 /* Pods_tryARKitWithMagicaVoxel.framework */,
			);
			name = Frameworks;
			sourceTree = "<group>";
		};
		4E6FDEA8073196A48A9AD4CE /* Pods */ = {
			isa = PBXGroup;
			children = (
				012C9241C32F39BD678F0924 /* Pods-tryARKitWithMagicaVoxel.debug.xcconfig */,
				351199B3EBC0BAF6F6B85981 /* Pods-tryARKitWithMagicaVoxel.release.xcconfig */,
			);
			name = Pods;
			sourceTree = "<group>";
		};
		ED0314811FA8B0B2004C6609 = {
			isa = PBXGroup;
			children = (
				ED03148C1FA8B0B2004C6609 /* tryARKitWithMagicaVoxel */,
				ED03148B1FA8B0B2004C6609 /* Products */,
				4E6FDEA8073196A48A9AD4CE /* Pods */,
				16992E9F00114D78BF41FADA /* Frameworks */,
			);
			sourceTree = "<group>";
		};
		ED03148B1FA8B0B2004C6609 /* Products */ = {
			isa = PBXGroup;
			children = (
				ED03148A1FA8B0B2004C6609 /* tryARKitWithMagicaVoxel.app */,
			);
			name = Products;
			sourceTree = "<group>";
		};
		ED03148C1FA8B0B2004C6609 /* tryARKitWithMagicaVoxel */ = {
			isa = PBXGroup;
			children = (
				ED03148D1FA8B0B2004C6609 /* AppDelegate.swift */,
				ED03148F1FA8B0B2004C6609 /* art.scnassets */,
				ED0314911FA8B0B2004C6609 /* ViewController.swift */,
				ED0314931FA8B0B2004C6609 /* Main.storyboard */,
				ED0314961FA8B0B2004C6609 /* Assets.xcassets */,
				ED0314981FA8B0B2004C6609 /* LaunchScreen.storyboard */,
				ED03149B1FA8B0B2004C6609 /* Info.plist */,
			);
			path = tryARKitWithMagicaVoxel;
			sourceTree = "<group>";
		};
/* End PBXGroup section */

/* Begin PBXNativeTarget section */
		ED0314891FA8B0B2004C6609 /* tryARKitWithMagicaVoxel */ = {
			isa = PBXNativeTarget;
			buildConfigurationList = ED03149E1FA8B0B2004C6609 /* Build configuration list for PBXNativeTarget "tryARKitWithMagicaVoxel" */;
			buildPhases = (
				83A16F25E4F21DC8B5D27726 /* [CP] Check Pods Manifest.lock */,
				ED0314861FA8B0B2004C6609 /* Sources */,
				ED0314871FA8B0B2004C6609 /* Frameworks */,
				ED0314881FA8B0B2004C6609 /* Resources */,
				86190995435D091F9AECA05D /* [CP] Embed Pods Frameworks */,
				CA9B797F73136255948852C1 /* [CP] Copy Pods Resources */,
			);
			buildRules = (
			);
			dependencies = (
			);
			name = tryARKitWithMagicaVoxel;
			productName = tryARKitWithMagicaVoxel;
			productReference = ED03148A1FA8B0B2004C6609 /* tryARKitWithMagicaVoxel.app */;
			productType = "com.apple.product-type.application";
		};
/* End PBXNativeTarget section */

/* Begin PBXProject section */
		ED0314821FA8B0B2004C6609 /* Project object */ = {
			isa = PBXProject;
			attributes = {
				LastSwiftUpdateCheck = 0900;
				LastUpgradeCheck = 0900;
				ORGANIZATIONNAME = henteko07;
				TargetAttributes = {
					ED0314891FA8B0B2004C6609 = {
						CreatedOnToolsVersion = 9.0.1;
						ProvisioningStyle = Automatic;
					};
				};
			};
			buildConfigurationList = ED0314851FA8B0B2004C6609 /* Build configuration list for PBXProject "tryARKitWithMagicaVoxel" */;
			compatibilityVersion = "Xcode 8.0";
			developmentRegion = en;
			hasScannedForEncodings = 0;
			knownRegions = (
				en,
				Base,
			);
			mainGroup = ED0314811FA8B0B2004C6609;
			productRefGroup = ED03148B1FA8B0B2004C6609 /* Products */;
			projectDirPath = "";
			projectRoot = "";
			targets = (
				ED0314891FA8B0B2004C6609 /* tryARKitWithMagicaVoxel */,
			);
		};
/* End PBXProject section */

/* Begin PBXResourcesBuildPhase section */
		ED0314881FA8B0B2004C6609 /* Resources */ = {
			isa = PBXResourcesBuildPhase;
			buildActionMask = 2147483647;
			files = (
				ED0314901FA8B0B2004C6609 /* art.scnassets in Resources */,
				ED03149A1FA8B0B2004C6609 /* LaunchScreen.storyboard in Resources */,
				ED0314971FA8B0B2004C6609 /* Assets.xcassets in Resources */,
				ED0314951FA8B0B2004C6609 /* Main.storyboard in Resources */,
			);
			runOnlyForDeploymentPostprocessing = 0;
		};
/* End PBXResourcesBuildPhase section */

/* Begin PBXShellScriptBuildPhase section */
		83A16F25E4F21DC8B5D27726 /* [CP] Check Pods Manifest.lock */ = {
			isa = PBXShellScriptBuildPhase;
			buildActionMask = 2147483647;
			files = (
			);
			inputPaths = (
				"${PODS_PODFILE_DIR_PATH}/Podfile.lock",
				"${PODS_ROOT}/Manifest.lock",
			);
			name = "[CP] Check Pods Manifest.lock";
			outputPaths = (
				"$(DERIVED_FILE_DIR)/Pods-tryARKitWithMagicaVoxel-checkManifestLockResult.txt",
			);
			runOnlyForDeploymentPostprocessing = 0;
			shellPath = /bin/sh;
			shellScript = "diff \"${PODS_PODFILE_DIR_PATH}/Podfile.lock\" \"${PODS_ROOT}/Manifest.lock\" > /dev/null\nif [ $? != 0 ] ; then\n    # print error to STDERR\n    echo \"error: The sandbox is not in sync with the Podfile.lock. Run 'pod install' or update your CocoaPods installation.\" >&2\n    exit 1\nfi\n# This output is used by Xcode 'outputs' to avoid re-running this script phase.\necho \"SUCCESS\" > \"${SCRIPT_OUTPUT_FILE_0}\"\n";
			showEnvVarsInLog = 0;
		};
		86190995435D091F9AECA05D /* [CP] Embed Pods Frameworks */ = {
			isa = PBXShellScriptBuildPhase;
			buildActionMask = 2147483647;
			files = (
			);
			inputPaths = (
				"${SRCROOT}/Pods/Target Support Files/Pods-tryARKitWithMagicaVoxel/Pods-tryARKitWithMagicaVoxel-frameworks.sh",
				"${BUILT_PRODUCTS_DIR}/Alamofire/Alamofire.framework",
				"${BUILT_PRODUCTS_DIR}/Zip/Zip.framework",
			);
			name = "[CP] Embed Pods Frameworks";
			outputPaths = (
				"${TARGET_BUILD_DIR}/${FRAMEWORKS_FOLDER_PATH}/Alamofire.framework",
				"${TARGET_BUILD_DIR}/${FRAMEWORKS_FOLDER_PATH}/Zip.framework",
			);
			runOnlyForDeploymentPostprocessing = 0;
			shellPath = /bin/sh;
			shellScript = "\"${SRCROOT}/Pods/Target Support Files/Pods-tryARKitWithMagicaVoxel/Pods-tryARKitWithMagicaVoxel-frameworks.sh\"\n";
			showEnvVarsInLog = 0;
		};
		CA9B797F73136255948852C1 /* [CP] Copy Pods Resources */ = {
			isa = PBXShellScriptBuildPhase;
			buildActionMask = 2147483647;
			files = (
			);
			inputPaths = (
			);
			name = "[CP] Copy Pods Resources";
			outputPaths = (
			);
			runOnlyForDeploymentPostprocessing = 0;
			shellPath = /bin/sh;
			shellScript = "\"${SRCROOT}/Pods/Target Support Files/Pods-tryARKitWithMagicaVoxel/Pods-tryARKitWithMagicaVoxel-resources.sh\"\n";
			showEnvVarsInLog = 0;
		};
/* End PBXShellScriptBuildPhase section */

/* Begin PBXSourcesBuildPhase section */
		ED0314861FA8B0B2004C6609 /* Sources */ = {
			isa = PBXSourcesBuildPhase;
			buildActionMask = 2147483647;
			files = (
				ED0314921FA8B0B2004C6609 /* ViewController.swift in Sources */,
				ED03148E1FA8B0B2004C6609 /* AppDelegate.swift in Sources */,
			);
			runOnlyForDeploymentPostprocessing = 0;
		};
/* End PBXSourcesBuildPhase section */

/* Begin PBXVariantGroup section */
		ED0314931FA8B0B2004C6609 /* Main.storyboard */ = {
			isa = PBXVariantGroup;
			children = (
				ED0314941FA8B0B2004C6609 /* Base */,
			);
			name = Main.storyboard;
			sourceTree = "<group>";
		};
		ED0314981FA8B0B2004C6609 /* LaunchScreen.storyboard */ = {
			isa = PBXVariantGroup;
			children = (
				ED0314991FA8B0B2004C6609 /* Base */,
			);
			name = LaunchScreen.storyboard;
			sourceTree = "<group>";
		};
/* End PBXVariantGroup section */

/* Begin XCBuildConfiguration section */
		ED03149C1FA8B0B2004C6609 /* Debug */ = {
			isa = XCBuildConfiguration;
			buildSettings = {
				ALWAYS_SEARCH_USER_PATHS = NO;
				CLANG_ANALYZER_NONNULL = YES;
				CLANG_ANALYZER_NUMBER_OBJECT_CONVERSION = YES_AGGRESSIVE;
				CLANG_CXX_LANGUAGE_STANDARD = "gnu++14";
				CLANG_CXX_LIBRARY = "libc++";
				CLANG_ENABLE_MODULES = YES;
				CLANG_ENABLE_OBJC_ARC = YES;
				CLANG_WARN_BLOCK_CAPTURE_AUTORELEASING = YES;
				CLANG_WARN_BOOL_CONVERSION = YES;
				CLANG_WARN_COMMA = YES;
				CLANG_WARN_CONSTANT_CONVERSION = YES;
				CLANG_WARN_DIRECT_OBJC_ISA_USAGE = YES_ERROR;
				CLANG_WARN_DOCUMENTATION_COMMENTS = YES;
				CLANG_WARN_EMPTY_BODY = YES;
				CLANG_WARN_ENUM_CONVERSION = YES;
				CLANG_WARN_INFINITE_RECURSION = YES;
				CLANG_WARN_INT_CONVERSION = YES;
				CLANG_WARN_NON_LITERAL_NULL_CONVERSION = YES;
				CLANG_WARN_OBJC_LITERAL_CONVERSION = YES;
				CLANG_WARN_OBJC_ROOT_CLASS = YES_ERROR;
				CLANG_WARN_RANGE_LOOP_ANALYSIS = YES;
				CLANG_WARN_STRICT_PROTOTYPES = YES;
				CLANG_WARN_SUSPICIOUS_MOVE = YES;
				CLANG_WARN_UNGUARDED_AVAILABILITY = YES_AGGRESSIVE;
				CLANG_WARN_UNREACHABLE_CODE = YES;
				CLANG_WARN__DUPLICATE_METHOD_MATCH = YES;
				CODE_SIGN_IDENTITY = "iPhone Developer";
				COPY_PHASE_STRIP = NO;
				DEBUG_INFORMATION_FORMAT = dwarf;
				ENABLE_STRICT_OBJC_MSGSEND = YES;
				ENABLE_TESTABILITY = YES;
				GCC_C_LANGUAGE_STANDARD = gnu11;
				GCC_DYNAMIC_NO_PIC = NO;
				GCC_NO_COMMON_BLOCKS = YES;
				GCC_OPTIMIZATION_LEVEL = 0;
				GCC_PREPROCESSOR_DEFINITIONS = (
					"DEBUG=1",
					"$(inherited)",
				);
				GCC_WARN_64_TO_32_BIT_CONVERSION = YES;
				GCC_WARN_ABOUT_RETURN_TYPE = YES_ERROR;
				GCC_WARN_UNDECLARED_SELECTOR = YES;
				GCC_WARN_UNINITIALIZED_AUTOS = YES_AGGRESSIVE;
				GCC_WARN_UNUSED_FUNCTION = YES;
				GCC_WARN_UNUSED_VARIABLE = YES;
				IPHONEOS_DEPLOYMENT_TARGET = 11.0;
				MTL_ENABLE_DEBUG_INFO = YES;
				ONLY_ACTIVE_ARCH = YES;
				SDKROOT = iphoneos;
				SWIFT_ACTIVE_COMPILATION_CONDITIONS = DEBUG;
				SWIFT_OPTIMIZATION_LEVEL = "-Onone";
			};
			name = Debug;
		};
		ED03149D1FA8B0B2004C6609 /* Release */ = {
			isa = XCBuildConfiguration;
			buildSettings = {
				ALWAYS_SEARCH_USER_PATHS = NO;
				CLANG_ANALYZER_NONNULL = YES;
				CLANG_ANALYZER_NUMBER_OBJECT_CONVERSION = YES_AGGRESSIVE;
				CLANG_CXX_LANGUAGE_STANDARD = "gnu++14";
				CLANG_CXX_LIBRARY = "libc++";
				CLANG_ENABLE_MODULES = YES;
				CLANG_ENABLE_OBJC_ARC = YES;
				CLANG_WARN_BLOCK_CAPTURE_AUTORELEASING = YES;
				CLANG_WARN_BOOL_CONVERSION = YES;
				CLANG_WARN_COMMA = YES;
				CLANG_WARN_CONSTANT_CONVERSION = YES;
				CLANG_WARN_DIRECT_OBJC_ISA_USAGE = YES_ERROR;
				CLANG_WARN_DOCUMENTATION_COMMENTS = YES;
				CLANG_WARN_EMPTY_BODY = YES;
				CLANG_WARN_ENUM_CONVERSION = YES;
				CLANG_WARN_INFINITE_RECURSION = YES;
				CLANG_WARN_INT_CONVERSION = YES;
				CLANG_WARN_NON_LITERAL_NULL_CONVERSION = YES;
				CLANG_WARN_OBJC_LITERAL_CONVERSION = YES;
				CLANG_WARN_OBJC_ROOT_CLASS = YES_ERROR;
				CLANG_WARN_RANGE_LOOP_ANALYSIS = YES;
				CLANG_WARN_STRICT_PROTOTYPES = YES;
				CLANG_WARN_SUSPICIOUS_MOVE = YES;
				CLANG_WARN_UNGUARDED_AVAILABILITY = YES_AGGRESSIVE;
				CLANG_WARN_UNREACHABLE_CODE = YES;
				CLANG_WARN__DUPLICATE_METHOD_MATCH = YES;
				CODE_SIGN_IDENTITY = "iPhone Developer";
				COPY_PHASE_STRIP = NO;
				DEBUG_INFORMATION_FORMAT = "dwarf-with-dsym";
				ENABLE_NS_ASSERTIONS = NO;
				ENABLE_STRICT_OBJC_MSGSEND = YES;
				GCC_C_LANGUAGE_STANDARD = gnu11;
				GCC_NO_COMMON_BLOCKS = YES;
				GCC_WARN_64_TO_32_BIT_CONVERSION = YES;
				GCC_WARN_ABOUT_RETURN_TYPE = YES_ERROR;
				GCC_WARN_UNDECLARED_SELECTOR = YES;
				GCC_WARN_UNINITIALIZED_AUTOS = YES_AGGRESSIVE;
				GCC_WARN_UNUSED_FUNCTION = YES;
				GCC_WARN_UNUSED_VARIABLE = YES;
				IPHONEOS_DEPLOYMENT_TARGET = 11.0;
				MTL_ENABLE_DEBUG_INFO = NO;
				SDKROOT = iphoneos;
				SWIFT_OPTIMIZATION_LEVEL = "-Owholemodule";
				VALIDATE_PRODUCT = YES;
			};
			name = Release;
		};
		ED03149F1FA8B0B2004C6609 /* Debug */ = {
			isa = XCBuildConfiguration;
			baseConfigurationReference = 012C9241C32F39BD678F0924 /* Pods-tryARKitWithMagicaVoxel.debug.xcconfig */;
			buildSettings = {
				ASSETCATALOG_COMPILER_APPICON_NAME = AppIcon;
				CODE_SIGN_STYLE = Automatic;
				DEVELOPMENT_TEAM = 2MMF6V4S6H;
				INFOPLIST_FILE = tryARKitWithMagicaVoxel/Info.plist;
				LD_RUNPATH_SEARCH_PATHS = "$(inherited) @executable_path/Frameworks";
				PRODUCT_BUNDLE_IDENTIFIER = com.henteko07.tryARKitWithMagicaVoxel;
				PRODUCT_NAME = "$(TARGET_NAME)";
				SWIFT_VERSION = 4.0;
				TARGETED_DEVICE_FAMILY = "1,2";
			};
			name = Debug;
		};
		ED0314A01FA8B0B2004C6609 /* Release */ = {
			isa = XCBuildConfiguration;
			baseConfigurationReference = 351199B3EBC0BAF6F6B85981 /* Pods-tryARKitWithMagicaVoxel.release.xcconfig */;
			buildSettings = {
				ASSETCATALOG_COMPILER_APPICON_NAME = AppIcon;
				CODE_SIGN_STYLE = Automatic;
				DEVELOPMENT_TEAM = 2MMF6V4S6H;
				INFOPLIST_FILE = tryARKitWithMagicaVoxel/Info.plist;
				LD_RUNPATH_SEARCH_PATHS = "$(inherited) @executable_path/Frameworks";
				PRODUCT_BUNDLE_IDENTIFIER = com.henteko07.tryARKitWithMagicaVoxel;
				PRODUCT_NAME = "$(TARGET_NAME)";
				SWIFT_VERSION = 4.0;
				TARGETED_DEVICE_FAMILY = "1,2";
			};
			name = Release;
		};
/* End XCBuildConfiguration section */

/* Begin XCConfigurationList section */
		ED0314851FA8B0B2004C6609 /* Build configuration list for PBXProject "tryARKitWithMagicaVoxel" */ = {
			isa = XCConfigurationList;
			buildConfigurations = (
				ED03149C1FA8B0B2004C6609 /* Debug */,
				ED03149D1FA8B0B2004C6609 /* Release */,
			);
			defaultConfigurationIsVisible = 0;
			defaultConfigurationName = Release;
		};
		ED03149E1FA8B0B2004C6609 /* Build configuration list for PBXNativeTarget "tryARKitWithMagicaVoxel" */ = {
			isa = XCConfigurationList;
			buildConfigurations = (
				ED03149F1FA8B0B2004C6609 /* Debug */,
				ED0314A01FA8B0B2004C6609 /* Release */,
			);
			defaultConfigurationIsVisible = 0;
			defaultConfigurationName = Release;
		};
/* End XCConfigurationList section */
	};
	rootObject = ED0314821FA8B0B2004C6609 /* Project object */;
}
